
Microsoft Visual Studio Solution File, Format Version 12.00
# Visual Studio 2013
VisualStudioVersion = 12.0.21005.1
MinimumVisualStudioVersion = 10.0.40219.1
Project("{FAE04EC0-301F-11D3-BF4B-00C04F79EFBC}") = "ADJ.SSO.Web", "ADJ.SSO.Web\ADJ.SSO.Web.csproj", "{993FAB6E-F066-49DC-9A24-E512292DFE9B}"
EndProject
Project("{FAE04EC0-301F-11D3-BF4B-00C04F79EFBC}") = "ADJ.SSO.Web.A", "ADJ.SSO.Web.A\ADJ.SSO.Web.A.csproj", "{252E5873-791E-4DF6-91BF-F93AC7F711B6}"
EndProject
Project("{FAE04EC0-301F-11D3-BF4B-00C04F79EFBC}") = "ADJ.SSO.Common", "ADJ.SSO.Common\ADJ.SSO.Common.csproj", "{7B103AAA-AD56-4586-98F8-B50F8AFE2BD4}"
EndProject
Project("{FAE04EC0-301F-11D3-BF4B-00C04F79EFBC}") = "ADJ.SSO.Web.B", "ADJ.SSO.Web.B\ADJ.SSO.Web.B.csproj", "{DDD3042B-B29E-4783-B43A-2AA7ECAE0A15}"
EndProject
Global
	GlobalSection(SolutionConfigurationPlatforms) = preSolution
		Debug|Any CPU = Debug|Any CPU
		Release|Any CPU = Release|Any CPU
	EndGlobalSection
	GlobalSection(ProjectConfigurationPlatforms) = postSolution
		{993FAB6E-F066-49DC-9A24-E512292DFE9B}.Debug|Any CPU.ActiveCfg = Debug|Any CPU
		{993FAB6E-F066-49DC-9A24-E512292DFE9B}.Debug|Any CPU.Build.0 = Debug|Any CPU
		{993FAB6E-F066-49DC-9A24-E512292DFE9B}.Release|Any CPU.ActiveCfg = Release|Any CPU
		{993FAB6E-F066-49DC-9A24-E512292DFE9B}.Release|Any CPU.Build.0 = Release|Any CPU
		{252E5873-791E-4DF6-91BF-F93AC7F711B6}.Debug|Any CPU.ActiveCfg = Debug|Any CPU
		{252E5873-791E-4DF6-91BF-F93AC7F711B6}.Debug|Any CPU.Build.0 = Debug|Any CPU
		{252E5873-791E-4DF6-91BF-F93AC7F711B6}.Release|Any CPU.ActiveCfg = Release|Any CPU
		{252E5873-791E-4DF6-91BF-F93AC7F711B6}.Release|Any CPU.Build.0 = Release|Any CPU
		{7B103AAA-AD56-4586-98F8-B50F8AFE2BD4}.Debug|Any CPU.ActiveCfg = Debug|Any CPU
		{7B103AAA-AD56-4586-98F8-B50F8AFE2BD4}.Debug|Any CPU.Build.0 = Debug|Any CPU
		{7B103AAA-AD56-4586-98F8-B50F8AFE2BD4}.Release|Any CPU.ActiveCfg = Release|Any CPU
		{7B103AAA-AD56-4586-98F8-B50F8AFE2BD4}.Release|Any CPU.Build.0 = Release|Any CPU
		{DDD3042B-B29E-4783-B43A-2AA7ECAE0A15}.Debug|Any CPU.ActiveCfg = Debug|Any CPU
		{DDD3042B-B29E-4783-B43A-2AA7ECAE0A15}.Debug|Any CPU.Build.0 = Debug|Any CPU
		{DDD3042B-B29E-4783-B43A-2AA7ECAE0A15}.Release|Any CPU.ActiveCfg = Release|Any CPU
		{DDD3042B-B29E-4783-B43A-2AA7ECAE0A15}.Release|Any CPU.Build.0 = Release|Any CPU
	EndGlobalSection
	GlobalSection(SolutionProperties) = preSolution
		HideSolutionNode = FALSE
	EndGlobalSection
EndGlobal
